schema: '2.0'
stages:
  clean:
    cmd: uv run python src/clean.py
    deps:
    - path: data/raw/events.csv
      hash: md5
      md5: 431ff8b1e99f6c5ac0a423d9e37ac2a9
      size: 73240
    - path: src/clean.py
      hash: md5
      md5: ea04dd806c026265e143732fef7112e6
      size: 1122
    outs:
    - path: data/clean/events.csv
      hash: md5
      md5: bd71a19938a770182478f506c8f91df6
      size: 12113
  transform:
    cmd: uv run python src/transform.py
    deps:
    - path: data/clean/events.csv
      hash: md5
      md5: bd71a19938a770182478f506c8f91df6
      size: 12113
    - path: src/transform.py
      hash: md5
      md5: 11eb6141a60ff293cb21f8b6f82836c0
      size: 436
    outs:
    - path: data/transformed/events.csv
      hash: md5
      md5: 0d10071415cf01e07ac3531d90f964e4
      size: 15814
  features:
    cmd: uv run python src/features.py
    deps:
    - path: data/transformed/events.csv
      hash: md5
      md5: 0d10071415cf01e07ac3531d90f964e4
      size: 15814
    - path: src/features.py
      hash: md5
      md5: 730571c36bfc8fa70caea4273fd3b4e1
      size: 499
    outs:
    - path: data/features/events.csv
      hash: md5
      md5: a323d186fd6c3b2fba3ec0b331e7c11f
      size: 23399
